
Microsoft Visual Studio Solution File, Format Version 12.00
# Visual Studio Version 17
VisualStudioVersion = 17.12.35521.163 d17.12
MinimumVisualStudioVersion = 10.0.40219.1
Project("{FAE04EC0-301F-11D3-BF4B-00C04F79EFBC}") = "website.Server", "website.Server\website.Server.csproj", "{BE8337FD-A3BD-47FF-A17E-0268D801C8F1}"
EndProject
Project("{54A90642-561A-4BB1-A94E-469ADEE60C69}") = "website.client", "website.client\website.client.esproj", "{C4FBFBD5-D4FF-4027-9316-8C35D29E4B05}"
EndProject
Global
	GlobalSection(SolutionConfigurationPlatforms) = preSolution
		Debug|Any CPU = Debug|Any CPU
		Release|Any CPU = Release|Any CPU
	EndGlobalSection
	GlobalSection(ProjectConfigurationPlatforms) = postSolution
		{BE8337FD-A3BD-47FF-A17E-0268D801C8F1}.Debug|Any CPU.ActiveCfg = Debug|Any CPU
		{BE8337FD-A3BD-47FF-A17E-0268D801C8F1}.Debug|Any CPU.Build.0 = Debug|Any CPU
		{BE8337FD-A3BD-47FF-A17E-0268D801C8F1}.Release|Any CPU.ActiveCfg = Release|Any CPU
		{BE8337FD-A3BD-47FF-A17E-0268D801C8F1}.Release|Any CPU.Build.0 = Release|Any CPU
		{C4FBFBD5-D4FF-4027-9316-8C35D29E4B05}.Debug|Any CPU.ActiveCfg = Debug|Any CPU
		{C4FBFBD5-D4FF-4027-9316-8C35D29E4B05}.Debug|Any CPU.Build.0 = Debug|Any CPU
		{C4FBFBD5-D4FF-4027-9316-8C35D29E4B05}.Debug|Any CPU.Deploy.0 = Debug|Any CPU
		{C4FBFBD5-D4FF-4027-9316-8C35D29E4B05}.Release|Any CPU.ActiveCfg = Release|Any CPU
		{C4FBFBD5-D4FF-4027-9316-8C35D29E4B05}.Release|Any CPU.Build.0 = Release|Any CPU
		{C4FBFBD5-D4FF-4027-9316-8C35D29E4B05}.Release|Any CPU.Deploy.0 = Release|Any CPU
	EndGlobalSection
	GlobalSection(SolutionProperties) = preSolution
		HideSolutionNode = FALSE
	EndGlobalSection
EndGlobal
